PODS:
  - AMSmoothAlert (1.1):
    - GPUImage
  - GPUImage (0.1.5)
  - MBProgressHUD (0.9)

DEPENDENCIES:
  - AMSmoothAlert (~> 1.1)
  - MBProgressHUD (~> 0.9)

SPEC CHECKSUMS:
  AMSmoothAlert: 1b4bf6688b698a606a963c336b5060490f4d3db2
  GPUImage: 5114a47f5fc33eb312f3731550a3cea379416d04
  MBProgressHUD: 2038dbcf3dce73215abed6001657043d53aa79a8

COCOAPODS: 0.33.1
