// !$*UTF8*$!
{
	archiveVersion = 1;
	classes = {
	};
	objectVersion = 46;
	objects = {

/* Begin PBXBuildFile section */
		6675137A19AC1FBE001D81C0 /* Foundation.framework in Frameworks */ = {isa = PBXBuildFile; fileRef = 6675137919AC1FBE001D81C0 /* Foundation.framework */; };
		6675137C19AC1FBE001D81C0 /* CoreGraphics.framework in Frameworks */ = {isa = PBXBuildFile; fileRef = 6675137B19AC1FBE001D81C0 /* CoreGraphics.framework */; };
		6675137E19AC1FBE001D81C0 /* UIKit.framework in Frameworks */ = {isa = PBXBuildFile; fileRef = 6675137D19AC1FBE001D81C0 /* UIKit.framework */; };
		6675138419AC1FBE001D81C0 /* InfoPlist.strings in Resources */ = {isa = PBXBuildFile; fileRef = 6675138219AC1FBE001D81C0 /* InfoPlist.strings */; };
		6675138619AC1FBE001D81C0 /* main.m in Sources */ = {isa = PBXBuildFile; fileRef = 6675138519AC1FBE001D81C0 /* main.m */; };
		6675138A19AC1FBE001D81C0 /* DJRAppDelegate.m in Sources */ = {isa = PBXBuildFile; fileRef = 6675138919AC1FBE001D81C0 /* DJRAppDelegate.m */; };
		6675138D19AC1FBE001D81C0 /* Main.storyboard in Resources */ = {isa = PBXBuildFile; fileRef = 6675138B19AC1FBE001D81C0 /* Main.storyboard */; };
		6675139019AC1FBE001D81C0 /* DJRViewController.m in Sources */ = {isa = PBXBuildFile; fileRef = 6675138F19AC1FBE001D81C0 /* DJRViewController.m */; };
		6675139219AC1FBE001D81C0 /* Images.xcassets in Resources */ = {isa = PBXBuildFile; fileRef = 6675139119AC1FBE001D81C0 /* Images.xcassets */; };
		6675139919AC1FBE001D81C0 /* XCTest.framework in Frameworks */ = {isa = PBXBuildFile; fileRef = 6675139819AC1FBE001D81C0 /* XCTest.framework */; };
		6675139A19AC1FBE001D81C0 /* Foundation.framework in Frameworks */ = {isa = PBXBuildFile; fileRef = 6675137919AC1FBE001D81C0 /* Foundation.framework */; };
		6675139B19AC1FBE001D81C0 /* UIKit.framework in Frameworks */ = {isa = PBXBuildFile; fileRef = 6675137D19AC1FBE001D81C0 /* UIKit.framework */; };
		667513A319AC1FBE001D81C0 /* InfoPlist.strings in Resources */ = {isa = PBXBuildFile; fileRef = 667513A119AC1FBE001D81C0 /* InfoPlist.strings */; };
		667513A519AC1FBE001D81C0 /* iOSClassifierTests.m in Sources */ = {isa = PBXBuildFile; fileRef = 667513A419AC1FBE001D81C0 /* iOSClassifierTests.m */; };
/* End PBXBuildFile section */

/* Begin PBXContainerItemProxy section */
		6675139C19AC1FBE001D81C0 /* PBXContainerItemProxy */ = {
			isa = PBXContainerItemProxy;
			containerPortal = 6675136E19AC1FBE001D81C0 /* Project object */;
			proxyType = 1;
			remoteGlobalIDString = 6675137519AC1FBE001D81C0;
			remoteInfo = iOSClassifier;
		};
/* End PBXContainerItemProxy section */

/* Begin PBXFileReference section */
		6675137619AC1FBE001D81C0 /* iOSClassifier.app */ = {isa = PBXFileReference; explicitFileType = wrapper.application; includeInIndex = 0; path = iOSClassifier.app; sourceTree = BUILT_PRODUCTS_DIR; };
		6675137919AC1FBE001D81C0 /* Foundation.framework */ = {isa = PBXFileReference; lastKnownFileType = wrapper.framework; name = Foundation.framework; path = System/Library/Frameworks/Foundation.framework; sourceTree = SDKROOT; };
		6675137B19AC1FBE001D81C0 /* CoreGraphics.framework */ = {isa = PBXFileReference; lastKnownFileType = wrapper.framework; name = CoreGraphics.framework; path = System/Library/Frameworks/CoreGraphics.framework; sourceTree = SDKROOT; };
		6675137D19AC1FBE001D81C0 /* UIKit.framework */ = {isa = PBXFileReference; lastKnownFileType = wrapper.framework; name = UIKit.framework; path = System/Library/Frameworks/UIKit.framework; sourceTree = SDKROOT; };
		6675138119AC1FBE001D81C0 /* iOSClassifier-Info.plist */ = {isa = PBXFileReference; lastKnownFileType = text.plist.xml; path = "iOSClassifier-Info.plist"; sourceTree = "<group>"; };
		6675138319AC1FBE001D81C0 /* en */ = {isa = PBXFileReference; lastKnownFileType = text.plist.strings; name = en; path = en.lproj/InfoPlist.strings; sourceTree = "<group>"; };
		6675138519AC1FBE001D81C0 /* main.m */ = {isa = PBXFileReference; lastKnownFileType = sourcecode.c.objc; path = main.m; sourceTree = "<group>"; };
		6675138719AC1FBE001D81C0 /* iOSClassifier-Prefix.pch */ = {isa = PBXFileReference; lastKnownFileType = sourcecode.c.h; path = "iOSClassifier-Prefix.pch"; sourceTree = "<group>"; };
		6675138819AC1FBE001D81C0 /* DJRAppDelegate.h */ = {isa = PBXFileReference; lastKnownFileType = sourcecode.c.h; path = DJRAppDelegate.h; sourceTree = "<group>"; };
		6675138919AC1FBE001D81C0 /* DJRAppDelegate.m */ = {isa = PBXFileReference; lastKnownFileType = sourcecode.c.objc; path = DJRAppDelegate.m; sourceTree = "<group>"; };
		6675138C19AC1FBE001D81C0 /* Base */ = {isa = PBXFileReference; lastKnownFileType = file.storyboard; name = Base; path = Base.lproj/Main.storyboard; sourceTree = "<group>"; };
		6675138E19AC1FBE001D81C0 /* DJRViewController.h */ = {isa = PBXFileReference; lastKnownFileType = sourcecode.c.h; path = DJRViewController.h; sourceTree = "<group>"; };
		6675138F19AC1FBE001D81C0 /* DJRViewController.m */ = {isa = PBXFileReference; lastKnownFileType = sourcecode.c.objc; path = DJRViewController.m; sourceTree = "<group>"; };
		6675139119AC1FBE001D81C0 /* Images.xcassets */ = {isa = PBXFileReference; lastKnownFileType = folder.assetcatalog; path = Images.xcassets; sourceTree = "<group>"; };
		6675139719AC1FBE001D81C0 /* iOSClassifierTests.xctest */ = {isa = PBXFileReference; explicitFileType = wrapper.cfbundle; includeInIndex = 0; path = iOSClassifierTests.xctest; sourceTree = BUILT_PRODUCTS_DIR; };
		6675139819AC1FBE001D81C0 /* XCTest.framework */ = {isa = PBXFileReference; lastKnownFileType = wrapper.framework; name = XCTest.framework; path = Library/Frameworks/XCTest.framework; sourceTree = DEVELOPER_DIR; };
		667513A019AC1FBE001D81C0 /* iOSClassifierTests-Info.plist */ = {isa = PBXFileReference; lastKnownFileType = text.plist.xml; path = "iOSClassifierTests-Info.plist"; sourceTree = "<group>"; };
		667513A219AC1FBE001D81C0 /* en */ = {isa = PBXFileReference; lastKnownFileType = text.plist.strings; name = en; path = en.lproj/InfoPlist.strings; sourceTree = "<group>"; };
		667513A419AC1FBE001D81C0 /* iOSClassifierTests.m */ = {isa = PBXFileReference; lastKnownFileType = sourcecode.c.objc; path = iOSClassifierTests.m; sourceTree = "<group>"; };
/* End PBXFileReference section */

/* Begin PBXFrameworksBuildPhase section */
		6675137319AC1FBE001D81C0 /* Frameworks */ = {
			isa = PBXFrameworksBuildPhase;
			buildActionMask = 2147483647;
			files = (
				6675137C19AC1FBE001D81C0 /* CoreGraphics.framework in Frameworks */,
				6675137E19AC1FBE001D81C0 /* UIKit.framework in Frameworks */,
				6675137A19AC1FBE001D81C0 /* Foundation.framework in Frameworks */,
			);
			runOnlyForDeploymentPostprocessing = 0;
		};
		6675139419AC1FBE001D81C0 /* Frameworks */ = {
			isa = PBXFrameworksBuildPhase;
			buildActionMask = 2147483647;
			files = (
				6675139919AC1FBE001D81C0 /* XCTest.framework in Frameworks */,
				6675139B19AC1FBE001D81C0 /* UIKit.framework in Frameworks */,
				6675139A19AC1FBE001D81C0 /* Foundation.framework in Frameworks */,
			);
			runOnlyForDeploymentPostprocessing = 0;
		};
/* End PBXFrameworksBuildPhase section */

/* Begin PBXGroup section */
		6675136D19AC1FBE001D81C0 = {
			isa = PBXGroup;
			children = (
				6675137F19AC1FBE001D81C0 /* iOSClassifier */,
				6675139E19AC1FBE001D81C0 /* iOSClassifierTests */,
				6675137819AC1FBE001D81C0 /* Frameworks */,
				6675137719AC1FBE001D81C0 /* Products */,
			);
			sourceTree = "<group>";
		};
		6675137719AC1FBE001D81C0 /* Products */ = {
			isa = PBXGroup;
			children = (
				6675137619AC1FBE001D81C0 /* iOSClassifier.app */,
				6675139719AC1FBE001D81C0 /* iOSClassifierTests.xctest */,
			);
			name = Products;
			sourceTree = "<group>";
		};
		6675137819AC1FBE001D81C0 /* Frameworks */ = {
			isa = PBXGroup;
			children = (
				6675137919AC1FBE001D81C0 /* Foundation.framework */,
				6675137B19AC1FBE001D81C0 /* CoreGraphics.framework */,
				6675137D19AC1FBE001D81C0 /* UIKit.framework */,
				6675139819AC1FBE001D81C0 /* XCTest.framework */,
			);
			name = Frameworks;
			sourceTree = "<group>";
		};
		6675137F19AC1FBE001D81C0 /* iOSClassifier */ = {
			isa = PBXGroup;
			children = (
				6675138819AC1FBE001D81C0 /* DJRAppDelegate.h */,
				6675138919AC1FBE001D81C0 /* DJRAppDelegate.m */,
				6675138B19AC1FBE001D81C0 /* Main.storyboard */,
				6675138E19AC1FBE001D81C0 /* DJRViewController.h */,
				6675138F19AC1FBE001D81C0 /* DJRViewController.m */,
				6675139119AC1FBE001D81C0 /* Images.xcassets */,
				6675138019AC1FBE001D81C0 /* Supporting Files */,
			);
			path = iOSClassifier;
			sourceTree = "<group>";
		};
		6675138019AC1FBE001D81C0 /* Supporting Files */ = {
			isa = PBXGroup;
			children = (
				6675138119AC1FBE001D81C0 /* iOSClassifier-Info.plist */,
				6675138219AC1FBE001D81C0 /* InfoPlist.strings */,
				6675138519AC1FBE001D81C0 /* main.m */,
				6675138719AC1FBE001D81C0 /* iOSClassifier-Prefix.pch */,
			);
			name = "Supporting Files";
			sourceTree = "<group>";
		};
		6675139E19AC1FBE001D81C0 /* iOSClassifierTests */ = {
			isa = PBXGroup;
			children = (
				667513A419AC1FBE001D81C0 /* iOSClassifierTests.m */,
				6675139F19AC1FBE001D81C0 /* Supporting Files */,
			);
			path = iOSClassifierTests;
			sourceTree = "<group>";
		};
		6675139F19AC1FBE001D81C0 /* Supporting Files */ = {
			isa = PBXGroup;
			children = (
				667513A019AC1FBE001D81C0 /* iOSClassifierTests-Info.plist */,
				667513A119AC1FBE001D81C0 /* InfoPlist.strings */,
			);
			name = "Supporting Files";
			sourceTree = "<group>";
		};
/* End PBXGroup section */

/* Begin PBXNativeTarget section */
		6675137519AC1FBE001D81C0 /* iOSClassifier */ = {
			isa = PBXNativeTarget;
			buildConfigurationList = 667513A819AC1FBE001D81C0 /* Build configuration list for PBXNativeTarget "iOSClassifier" */;
			buildPhases = (
				6675137219AC1FBE001D81C0 /* Sources */,
				6675137319AC1FBE001D81C0 /* Frameworks */,
				6675137419AC1FBE001D81C0 /* Resources */,
			);
			buildRules = (
			);
			dependencies = (
			);
			name = iOSClassifier;
			productName = iOSClassifier;
			productReference = 6675137619AC1FBE001D81C0 /* iOSClassifier.app */;
			productType = "com.apple.product-type.application";
		};
		6675139619AC1FBE001D81C0 /* iOSClassifierTests */ = {
			isa = PBXNativeTarget;
			buildConfigurationList = 667513AB19AC1FBE001D81C0 /* Build configuration list for PBXNativeTarget "iOSClassifierTests" */;
			buildPhases = (
				6675139319AC1FBE001D81C0 /* Sources */,
				6675139419AC1FBE001D81C0 /* Frameworks */,
				6675139519AC1FBE001D81C0 /* Resources */,
			);
			buildRules = (
			);
			dependencies = (
				6675139D19AC1FBE001D81C0 /* PBXTargetDependency */,
			);
			name = iOSClassifierTests;
			productName = iOSClassifierTests;
			productReference = 6675139719AC1FBE001D81C0 /* iOSClassifierTests.xctest */;
			productType = "com.apple.product-type.bundle.unit-test";
		};
/* End PBXNativeTarget section */

/* Begin PBXProject section */
		6675136E19AC1FBE001D81C0 /* Project object */ = {
			isa = PBXProject;
			attributes = {
				CLASSPREFIX = DJR;
				LastUpgradeCheck = 0510;
				ORGANIZATIONNAME = "JIARUI DING";
				TargetAttributes = {
					6675139619AC1FBE001D81C0 = {
						TestTargetID = 6675137519AC1FBE001D81C0;
					};
				};
			};
			buildConfigurationList = 6675137119AC1FBE001D81C0 /* Build configuration list for PBXProject "iOSClassifier" */;
			compatibilityVersion = "Xcode 3.2";
			developmentRegion = English;
			hasScannedForEncodings = 0;
			knownRegions = (
				en,
				Base,
			);
			mainGroup = 6675136D19AC1FBE001D81C0;
			productRefGroup = 6675137719AC1FBE001D81C0 /* Products */;
			projectDirPath = "";
			projectRoot = "";
			targets = (
				6675137519AC1FBE001D81C0 /* iOSClassifier */,
				6675139619AC1FBE001D81C0 /* iOSClassifierTests */,
			);
		};
/* End PBXProject section */

/* Begin PBXResourcesBuildPhase section */
		6675137419AC1FBE001D81C0 /* Resources */ = {
			isa = PBXResourcesBuildPhase;
			buildActionMask = 2147483647;
			files = (
				6675139219AC1FBE001D81C0 /* Images.xcassets in Resources */,
				6675138419AC1FBE001D81C0 /* InfoPlist.strings in Resources */,
				6675138D19AC1FBE001D81C0 /* Main.storyboard in Resources */,
			);
			runOnlyForDeploymentPostprocessing = 0;
		};
		6675139519AC1FBE001D81C0 /* Resources */ = {
			isa = PBXResourcesBuildPhase;
			buildActionMask = 2147483647;
			files = (
				667513A319AC1FBE001D81C0 /* InfoPlist.strings in Resources */,
			);
			runOnlyForDeploymentPostprocessing = 0;
		};
/* End PBXResourcesBuildPhase section */

/* Begin PBXSourcesBuildPhase section */
		6675137219AC1FBE001D81C0 /* Sources */ = {
			isa = PBXSourcesBuildPhase;
			buildActionMask = 2147483647;
			files = (
				6675138619AC1FBE001D81C0 /* main.m in Sources */,
				6675139019AC1FBE001D81C0 /* DJRViewController.m in Sources */,
				6675138A19AC1FBE001D81C0 /* DJRAppDelegate.m in Sources */,
			);
			runOnlyForDeploymentPostprocessing = 0;
		};
		6675139319AC1FBE001D81C0 /* Sources */ = {
			isa = PBXSourcesBuildPhase;
			buildActionMask = 2147483647;
			files = (
				667513A519AC1FBE001D81C0 /* iOSClassifierTests.m in Sources */,
			);
			runOnlyForDeploymentPostprocessing = 0;
		};
/* End PBXSourcesBuildPhase section */

/* Begin PBXTargetDependency section */
		6675139D19AC1FBE001D81C0 /* PBXTargetDependency */ = {
			isa = PBXTargetDependency;
			target = 6675137519AC1FBE001D81C0 /* iOSClassifier */;
			targetProxy = 6675139C19AC1FBE001D81C0 /* PBXContainerItemProxy */;
		};
/* End PBXTargetDependency section */

/* Begin PBXVariantGroup section */
		6675138219AC1FBE001D81C0 /* InfoPlist.strings */ = {
			isa = PBXVariantGroup;
			children = (
				6675138319AC1FBE001D81C0 /* en */,
			);
			name = InfoPlist.strings;
			sourceTree = "<group>";
		};
		6675138B19AC1FBE001D81C0 /* Main.storyboard */ = {
			isa = PBXVariantGroup;
			children = (
				6675138C19AC1FBE001D81C0 /* Base */,
			);
			name = Main.storyboard;
			sourceTree = "<group>";
		};
		667513A119AC1FBE001D81C0 /* InfoPlist.strings */ = {
			isa = PBXVariantGroup;
			children = (
				667513A219AC1FBE001D81C0 /* en */,
			);
			name = InfoPlist.strings;
			sourceTree = "<group>";
		};
/* End PBXVariantGroup section */

/* Begin XCBuildConfiguration section */
		667513A619AC1FBE001D81C0 /* Debug */ = {
			isa = XCBuildConfiguration;
			buildSettings = {
				ALWAYS_SEARCH_USER_PATHS = NO;
				CLANG_CXX_LANGUAGE_STANDARD = "gnu++0x";
				CLANG_CXX_LIBRARY = "libc++";
				CLANG_ENABLE_MODULES = YES;
				CLANG_ENABLE_OBJC_ARC = YES;
				CLANG_WARN_BOOL_CONVERSION = YES;
				CLANG_WARN_CONSTANT_CONVERSION = YES;
				CLANG_WARN_DIRECT_OBJC_ISA_USAGE = YES_ERROR;
				CLANG_WARN_EMPTY_BODY = YES;
				CLANG_WARN_ENUM_CONVERSION = YES;
				CLANG_WARN_INT_CONVERSION = YES;
				CLANG_WARN_OBJC_ROOT_CLASS = YES_ERROR;
				CLANG_WARN__DUPLICATE_METHOD_MATCH = YES;
				"CODE_SIGN_IDENTITY[sdk=iphoneos*]" = "iPhone Developer";
				COPY_PHASE_STRIP = NO;
				GCC_C_LANGUAGE_STANDARD = gnu99;
				GCC_DYNAMIC_NO_PIC = NO;
				GCC_OPTIMIZATION_LEVEL = 0;
				GCC_PREPROCESSOR_DEFINITIONS = (
					"DEBUG=1",
					"$(inherited)",
				);
				GCC_SYMBOLS_PRIVATE_EXTERN = NO;
				GCC_WARN_64_TO_32_BIT_CONVERSION = YES;
				GCC_WARN_ABOUT_RETURN_TYPE = YES_ERROR;
				GCC_WARN_UNDECLARED_SELECTOR = YES;
				GCC_WARN_UNINITIALIZED_AUTOS = YES_AGGRESSIVE;
				GCC_WARN_UNUSED_FUNCTION = YES;
				GCC_WARN_UNUSED_VARIABLE = YES;
				IPHONEOS_DEPLOYMENT_TARGET = 7.1;
				ONLY_ACTIVE_ARCH = YES;
				SDKROOT = iphoneos;
			};
			name = Debug;
		};
		667513A719AC1FBE001D81C0 /* Release */ = {
			isa = XCBuildConfiguration;
			buildSettings = {
				ALWAYS_SEARCH_USER_PATHS = NO;
				CLANG_CXX_LANGUAGE_STANDARD = "gnu++0x";
				CLANG_CXX_LIBRARY = "libc++";
				CLANG_ENABLE_MODULES = YES;
				CLANG_ENABLE_OBJC_ARC = YES;
				CLANG_WARN_BOOL_CONVERSION = YES;
				CLANG_WARN_CONSTANT_CONVERSION = YES;
				CLANG_WARN_DIRECT_OBJC_ISA_USAGE = YES_ERROR;
				CLANG_WARN_EMPTY_BODY = YES;
				CLANG_WARN_ENUM_CONVERSION = YES;
				CLANG_WARN_INT_CONVERSION = YES;
				CLANG_WARN_OBJC_ROOT_CLASS = YES_ERROR;
				CLANG_WARN__DUPLICATE_METHOD_MATCH = YES;
				"CODE_SIGN_IDENTITY[sdk=iphoneos*]" = "iPhone Developer";
				COPY_PHASE_STRIP = YES;
				ENABLE_NS_ASSERTIONS = NO;
				GCC_C_LANGUAGE_STANDARD = gnu99;
				GCC_WARN_64_TO_32_BIT_CONVERSION = YES;
				GCC_WARN_ABOUT_RETURN_TYPE = YES_ERROR;
				GCC_WARN_UNDECLARED_SELECTOR = YES;
				GCC_WARN_UNINITIALIZED_AUTOS = YES_AGGRESSIVE;
				GCC_WARN_UNUSED_FUNCTION = YES;
				GCC_WARN_UNUSED_VARIABLE = YES;
				IPHONEOS_DEPLOYMENT_TARGET = 7.1;
				SDKROOT = iphoneos;
				VALIDATE_PRODUCT = YES;
			};
			name = Release;
		};
		667513A919AC1FBE001D81C0 /* Debug */ = {
			isa = XCBuildConfiguration;
			buildSettings = {
				ASSETCATALOG_COMPILER_APPICON_NAME = AppIcon;
				ASSETCATALOG_COMPILER_LAUNCHIMAGE_NAME = LaunchImage;
				GCC_PRECOMPILE_PREFIX_HEADER = YES;
				GCC_PREFIX_HEADER = "iOSClassifier/iOSClassifier-Prefix.pch";
				INFOPLIST_FILE = "iOSClassifier/iOSClassifier-Info.plist";
				PRODUCT_NAME = "$(TARGET_NAME)";
				WRAPPER_EXTENSION = app;
			};
			name = Debug;
		};
		667513AA19AC1FBE001D81C0 /* Release */ = {
			isa = XCBuildConfiguration;
			buildSettings = {
				ASSETCATALOG_COMPILER_APPICON_NAME = AppIcon;
				ASSETCATALOG_COMPILER_LAUNCHIMAGE_NAME = LaunchImage;
				GCC_PRECOMPILE_PREFIX_HEADER = YES;
				GCC_PREFIX_HEADER = "iOSClassifier/iOSClassifier-Prefix.pch";
				INFOPLIST_FILE = "iOSClassifier/iOSClassifier-Info.plist";
				PRODUCT_NAME = "$(TARGET_NAME)";
				WRAPPER_EXTENSION = app;
			};
			name = Release;
		};
		667513AC19AC1FBE001D81C0 /* Debug */ = {
			isa = XCBuildConfiguration;
			buildSettings = {
				BUNDLE_LOADER = "$(BUILT_PRODUCTS_DIR)/iOSClassifier.app/iOSClassifier";
				FRAMEWORK_SEARCH_PATHS = (
					"$(SDKROOT)/Developer/Library/Frameworks",
					"$(inherited)",
					"$(DEVELOPER_FRAMEWORKS_DIR)",
				);
				GCC_PRECOMPILE_PREFIX_HEADER = YES;
				GCC_PREFIX_HEADER = "iOSClassifier/iOSClassifier-Prefix.pch";
				GCC_PREPROCESSOR_DEFINITIONS = (
					"DEBUG=1",
					"$(inherited)",
				);
				INFOPLIST_FILE = "iOSClassifierTests/iOSClassifierTests-Info.plist";
				PRODUCT_NAME = "$(TARGET_NAME)";
				TEST_HOST = "$(BUNDLE_LOADER)";
				WRAPPER_EXTENSION = xctest;
			};
			name = Debug;
		};
		667513AD19AC1FBE001D81C0 /* Release */ = {
			isa = XCBuildConfiguration;
			buildSettings = {
				BUNDLE_LOADER = "$(BUILT_PRODUCTS_DIR)/iOSClassifier.app/iOSClassifier";
				FRAMEWORK_SEARCH_PATHS = (
					"$(SDKROOT)/Developer/Library/Frameworks",
					"$(inherited)",
					"$(DEVELOPER_FRAMEWORKS_DIR)",
				);
				GCC_PRECOMPILE_PREFIX_HEADER = YES;
				GCC_PREFIX_HEADER = "iOSClassifier/iOSClassifier-Prefix.pch";
				INFOPLIST_FILE = "iOSClassifierTests/iOSClassifierTests-Info.plist";
				PRODUCT_NAME = "$(TARGET_NAME)";
				TEST_HOST = "$(BUNDLE_LOADER)";
				WRAPPER_EXTENSION = xctest;
			};
			name = Release;
		};
/* End XCBuildConfiguration section */

/* Begin XCConfigurationList section */
		6675137119AC1FBE001D81C0 /* Build configuration list for PBXProject "iOSClassifier" */ = {
			isa = XCConfigurationList;
			buildConfigurations = (
				667513A619AC1FBE001D81C0 /* Debug */,
				667513A719AC1FBE001D81C0 /* Release */,
			);
			defaultConfigurationIsVisible = 0;
			defaultConfigurationName = Release;
		};
		667513A819AC1FBE001D81C0 /* Build configuration list for PBXNativeTarget "iOSClassifier" */ = {
			isa = XCConfigurationList;
			buildConfigurations = (
				667513A919AC1FBE001D81C0 /* Debug */,
				667513AA19AC1FBE001D81C0 /* Release */,
			);
			defaultConfigurationIsVisible = 0;
		};
		667513AB19AC1FBE001D81C0 /* Build configuration list for PBXNativeTarget "iOSClassifierTests" */ = {
			isa = XCConfigurationList;
			buildConfigurations = (
				667513AC19AC1FBE001D81C0 /* Debug */,
				667513AD19AC1FBE001D81C0 /* Release */,
			);
			defaultConfigurationIsVisible = 0;
		};
/* End XCConfigurationList section */
	};
	rootObject = 6675136E19AC1FBE001D81C0 /* Project object */;
}
